
Microsoft Visual Studio Solution File, Format Version 12.00
# Visual Studio 2013
VisualStudioVersion = 12.0.40629.0
MinimumVisualStudioVersion = 10.0.40219.1
Project("{FAE04EC0-301F-11D3-BF4B-00C04F79EFBC}") = "Task4", "Task4\Task4.csproj", "{0EDDF478-D213-4968-A0FD-6A875AC0B74D}"
EndProject
Project("{FAE04EC0-301F-11D3-BF4B-00C04F79EFBC}") = "BusinessLogic", "BusinessLogic\BusinessLogic.csproj", "{1B2FE014-0099-4906-B091-BECE74BD1EE5}"
EndProject
Project("{FAE04EC0-301F-11D3-BF4B-00C04F79EFBC}") = "DAL", "DAL\DAL.csproj", "{4A636F1D-ECCD-48F8-9780-48919FAA1310}"
EndProject
Project("{FAE04EC0-301F-11D3-BF4B-00C04F79EFBC}") = "Model", "Model\Model.csproj", "{3C08584D-30CD-4CE4-A616-CDC18E98F9E9}"
EndProject
Project("{FAE04EC0-301F-11D3-BF4B-00C04F79EFBC}") = "CsvWatcherService", "CsvWatcherService\CsvWatcherService.csproj", "{B86A317D-2575-4965-B083-BB8A51F24947}"
EndProject
Global
	GlobalSection(SolutionConfigurationPlatforms) = preSolution
		Debug|Any CPU = Debug|Any CPU
		Release|Any CPU = Release|Any CPU
	EndGlobalSection
	GlobalSection(ProjectConfigurationPlatforms) = postSolution
		{0EDDF478-D213-4968-A0FD-6A875AC0B74D}.Debug|Any CPU.ActiveCfg = Debug|Any CPU
		{0EDDF478-D213-4968-A0FD-6A875AC0B74D}.Debug|Any CPU.Build.0 = Debug|Any CPU
		{0EDDF478-D213-4968-A0FD-6A875AC0B74D}.Release|Any CPU.ActiveCfg = Release|Any CPU
		{0EDDF478-D213-4968-A0FD-6A875AC0B74D}.Release|Any CPU.Build.0 = Release|Any CPU
		{1B2FE014-0099-4906-B091-BECE74BD1EE5}.Debug|Any CPU.ActiveCfg = Debug|Any CPU
		{1B2FE014-0099-4906-B091-BECE74BD1EE5}.Debug|Any CPU.Build.0 = Debug|Any CPU
		{1B2FE014-0099-4906-B091-BECE74BD1EE5}.Release|Any CPU.ActiveCfg = Release|Any CPU
		{1B2FE014-0099-4906-B091-BECE74BD1EE5}.Release|Any CPU.Build.0 = Release|Any CPU
		{4A636F1D-ECCD-48F8-9780-48919FAA1310}.Debug|Any CPU.ActiveCfg = Debug|Any CPU
		{4A636F1D-ECCD-48F8-9780-48919FAA1310}.Debug|Any CPU.Build.0 = Debug|Any CPU
		{4A636F1D-ECCD-48F8-9780-48919FAA1310}.Release|Any CPU.ActiveCfg = Release|Any CPU
		{4A636F1D-ECCD-48F8-9780-48919FAA1310}.Release|Any CPU.Build.0 = Release|Any CPU
		{3C08584D-30CD-4CE4-A616-CDC18E98F9E9}.Debug|Any CPU.ActiveCfg = Debug|Any CPU
		{3C08584D-30CD-4CE4-A616-CDC18E98F9E9}.Debug|Any CPU.Build.0 = Debug|Any CPU
		{3C08584D-30CD-4CE4-A616-CDC18E98F9E9}.Release|Any CPU.ActiveCfg = Release|Any CPU
		{3C08584D-30CD-4CE4-A616-CDC18E98F9E9}.Release|Any CPU.Build.0 = Release|Any CPU
		{B86A317D-2575-4965-B083-BB8A51F24947}.Debug|Any CPU.ActiveCfg = Debug|Any CPU
		{B86A317D-2575-4965-B083-BB8A51F24947}.Debug|Any CPU.Build.0 = Debug|Any CPU
		{B86A317D-2575-4965-B083-BB8A51F24947}.Release|Any CPU.ActiveCfg = Release|Any CPU
		{B86A317D-2575-4965-B083-BB8A51F24947}.Release|Any CPU.Build.0 = Release|Any CPU
	EndGlobalSection
	GlobalSection(SolutionProperties) = preSolution
		HideSolutionNode = FALSE
	EndGlobalSection
EndGlobal
